
Microsoft Visual Studio Solution File, Format Version 12.00
# Visual Studio Version 16
VisualStudioVersion = 16.0.31729.503
MinimumVisualStudioVersion = 10.0.40219.1
Project("{9A19103F-16F7-4668-BE54-9A1E7A4F7556}") = "Methods", "Methods\Methods.csproj", "{13086D4E-52EA-4CC8-A3E0-216766817DFC}"
EndProject
Project("{9A19103F-16F7-4668-BE54-9A1E7A4F7556}") = "CSharpBasics", "CSharpBasics\CSharpBasics.csproj", "{F08AA8A0-B103-4B63-9AF7-EF76D86EAC55}"
EndProject
Project("{9A19103F-16F7-4668-BE54-9A1E7A4F7556}") = "Calculator", "Calculator\Calculator.csproj", "{C38FA76B-B7F5-47D2-BC8A-65D04E5BFA7E}"
EndProject
Project("{9A19103F-16F7-4668-BE54-9A1E7A4F7556}") = "MadLib", "MadLib\MadLib.csproj", "{B34B11C6-64F9-44AC-B1A9-8DAB25B24151}"
EndProject
Project("{9A19103F-16F7-4668-BE54-9A1E7A4F7556}") = "ReturnStatement", "ReturnStatement\ReturnStatement.csproj", "{D712CF40-163A-44BA-9348-E4FED2A9A152}"
EndProject
Project("{9A19103F-16F7-4668-BE54-9A1E7A4F7556}") = "IfStatements", "IfStatements\IfStatements.csproj", "{C916950A-4D70-44FF-9566-A5C38C09B277}"
EndProject
Project("{9A19103F-16F7-4668-BE54-9A1E7A4F7556}") = "BetterCalculator", "BetterCalculator\BetterCalculator.csproj", "{936D501D-F644-4272-9404-7B8EF7C8F09D}"
EndProject
Project("{9A19103F-16F7-4668-BE54-9A1E7A4F7556}") = "SwitchStatement", "SwitchStatement\SwitchStatement.csproj", "{58DAF8C0-055A-418F-BF37-025C26BA562A}"
EndProject
Project("{9A19103F-16F7-4668-BE54-9A1E7A4F7556}") = "WhileLoop", "WhileLoop\WhileLoop.csproj", "{ECD75BA3-60B8-4F44-B84A-280655B147E9}"
EndProject
Project("{FAE04EC0-301F-11D3-BF4B-00C04F79EFBC}") = "GuessingGame", "GuessingGame\GuessingGame.csproj", "{576A395B-484B-452A-A625-06E9ED2CB77D}"
EndProject
Project("{FAE04EC0-301F-11D3-BF4B-00C04F79EFBC}") = "ExponentMethod", "ExponentMethod\ExponentMethod.csproj", "{2E3DA8D1-433F-4A10-B2B2-40014CAA8A7A}"
EndProject
Project("{FAE04EC0-301F-11D3-BF4B-00C04F79EFBC}") = "ObjectsClasses", "ObjectsClasses\ObjectsClasses.csproj", "{C35A2F64-5940-45C9-9E7D-5110AFAB8440}"
EndProject
Project("{FAE04EC0-301F-11D3-BF4B-00C04F79EFBC}") = "Constructors", "Constructors\Constructors.csproj", "{FECD6223-2F3B-4261-9946-C24819B1C166}"
EndProject
Project("{FAE04EC0-301F-11D3-BF4B-00C04F79EFBC}") = "ObjectMethods", "ObjectMethods\ObjectMethods.csproj", "{9527143B-D8DD-414A-94FC-670887D890F5}"
EndProject
Project("{FAE04EC0-301F-11D3-BF4B-00C04F79EFBC}") = "GettersSetters", "GettersSetters\GettersSetters.csproj", "{AF304C14-3F47-4BB2-A1A8-BD013FDBC803}"
EndProject
Project("{FAE04EC0-301F-11D3-BF4B-00C04F79EFBC}") = "StaticClassesMethods", "StaticClassesMethods\StaticClassesMethods.csproj", "{93626414-1AE4-46DF-BF48-D2BADD63466F}"
EndProject
Project("{FAE04EC0-301F-11D3-BF4B-00C04F79EFBC}") = "Inheritence", "Inheritence\Inheritence.csproj", "{3EE4BFF3-E35A-4E58-80DD-C1DA7EDD1C6C}"
EndProject
Global
	GlobalSection(SolutionConfigurationPlatforms) = preSolution
		Debug|Any CPU = Debug|Any CPU
		Release|Any CPU = Release|Any CPU
	EndGlobalSection
	GlobalSection(ProjectConfigurationPlatforms) = postSolution
		{13086D4E-52EA-4CC8-A3E0-216766817DFC}.Debug|Any CPU.ActiveCfg = Debug|Any CPU
		{13086D4E-52EA-4CC8-A3E0-216766817DFC}.Debug|Any CPU.Build.0 = Debug|Any CPU
		{13086D4E-52EA-4CC8-A3E0-216766817DFC}.Release|Any CPU.ActiveCfg = Release|Any CPU
		{13086D4E-52EA-4CC8-A3E0-216766817DFC}.Release|Any CPU.Build.0 = Release|Any CPU
		{F08AA8A0-B103-4B63-9AF7-EF76D86EAC55}.Debug|Any CPU.ActiveCfg = Debug|Any CPU
		{F08AA8A0-B103-4B63-9AF7-EF76D86EAC55}.Debug|Any CPU.Build.0 = Debug|Any CPU
		{F08AA8A0-B103-4B63-9AF7-EF76D86EAC55}.Release|Any CPU.ActiveCfg = Release|Any CPU
		{F08AA8A0-B103-4B63-9AF7-EF76D86EAC55}.Release|Any CPU.Build.0 = Release|Any CPU
		{C38FA76B-B7F5-47D2-BC8A-65D04E5BFA7E}.Debug|Any CPU.ActiveCfg = Debug|Any CPU
		{C38FA76B-B7F5-47D2-BC8A-65D04E5BFA7E}.Debug|Any CPU.Build.0 = Debug|Any CPU
		{C38FA76B-B7F5-47D2-BC8A-65D04E5BFA7E}.Release|Any CPU.ActiveCfg = Release|Any CPU
		{C38FA76B-B7F5-47D2-BC8A-65D04E5BFA7E}.Release|Any CPU.Build.0 = Release|Any CPU
		{B34B11C6-64F9-44AC-B1A9-8DAB25B24151}.Debug|Any CPU.ActiveCfg = Debug|Any CPU
		{B34B11C6-64F9-44AC-B1A9-8DAB25B24151}.Debug|Any CPU.Build.0 = Debug|Any CPU
		{B34B11C6-64F9-44AC-B1A9-8DAB25B24151}.Release|Any CPU.ActiveCfg = Release|Any CPU
		{B34B11C6-64F9-44AC-B1A9-8DAB25B24151}.Release|Any CPU.Build.0 = Release|Any CPU
		{D712CF40-163A-44BA-9348-E4FED2A9A152}.Debug|Any CPU.ActiveCfg = Debug|Any CPU
		{D712CF40-163A-44BA-9348-E4FED2A9A152}.Debug|Any CPU.Build.0 = Debug|Any CPU
		{D712CF40-163A-44BA-9348-E4FED2A9A152}.Release|Any CPU.ActiveCfg = Release|Any CPU
		{D712CF40-163A-44BA-9348-E4FED2A9A152}.Release|Any CPU.Build.0 = Release|Any CPU
		{C916950A-4D70-44FF-9566-A5C38C09B277}.Debug|Any CPU.ActiveCfg = Debug|Any CPU
		{C916950A-4D70-44FF-9566-A5C38C09B277}.Debug|Any CPU.Build.0 = Debug|Any CPU
		{C916950A-4D70-44FF-9566-A5C38C09B277}.Release|Any CPU.ActiveCfg = Release|Any CPU
		{C916950A-4D70-44FF-9566-A5C38C09B277}.Release|Any CPU.Build.0 = Release|Any CPU
		{936D501D-F644-4272-9404-7B8EF7C8F09D}.Debug|Any CPU.ActiveCfg = Debug|Any CPU
		{936D501D-F644-4272-9404-7B8EF7C8F09D}.Debug|Any CPU.Build.0 = Debug|Any CPU
		{936D501D-F644-4272-9404-7B8EF7C8F09D}.Release|Any CPU.ActiveCfg = Release|Any CPU
		{936D501D-F644-4272-9404-7B8EF7C8F09D}.Release|Any CPU.Build.0 = Release|Any CPU
		{58DAF8C0-055A-418F-BF37-025C26BA562A}.Debug|Any CPU.ActiveCfg = Debug|Any CPU
		{58DAF8C0-055A-418F-BF37-025C26BA562A}.Debug|Any CPU.Build.0 = Debug|Any CPU
		{58DAF8C0-055A-418F-BF37-025C26BA562A}.Release|Any CPU.ActiveCfg = Release|Any CPU
		{58DAF8C0-055A-418F-BF37-025C26BA562A}.Release|Any CPU.Build.0 = Release|Any CPU
		{ECD75BA3-60B8-4F44-B84A-280655B147E9}.Debug|Any CPU.ActiveCfg = Debug|Any CPU
		{ECD75BA3-60B8-4F44-B84A-280655B147E9}.Debug|Any CPU.Build.0 = Debug|Any CPU
		{ECD75BA3-60B8-4F44-B84A-280655B147E9}.Release|Any CPU.ActiveCfg = Release|Any CPU
		{ECD75BA3-60B8-4F44-B84A-280655B147E9}.Release|Any CPU.Build.0 = Release|Any CPU
		{576A395B-484B-452A-A625-06E9ED2CB77D}.Debug|Any CPU.ActiveCfg = Debug|Any CPU
		{576A395B-484B-452A-A625-06E9ED2CB77D}.Debug|Any CPU.Build.0 = Debug|Any CPU
		{576A395B-484B-452A-A625-06E9ED2CB77D}.Release|Any CPU.ActiveCfg = Release|Any CPU
		{576A395B-484B-452A-A625-06E9ED2CB77D}.Release|Any CPU.Build.0 = Release|Any CPU
		{2E3DA8D1-433F-4A10-B2B2-40014CAA8A7A}.Debug|Any CPU.ActiveCfg = Debug|Any CPU
		{2E3DA8D1-433F-4A10-B2B2-40014CAA8A7A}.Debug|Any CPU.Build.0 = Debug|Any CPU
		{2E3DA8D1-433F-4A10-B2B2-40014CAA8A7A}.Release|Any CPU.ActiveCfg = Release|Any CPU
		{2E3DA8D1-433F-4A10-B2B2-40014CAA8A7A}.Release|Any CPU.Build.0 = Release|Any CPU
		{C35A2F64-5940-45C9-9E7D-5110AFAB8440}.Debug|Any CPU.ActiveCfg = Debug|Any CPU
		{C35A2F64-5940-45C9-9E7D-5110AFAB8440}.Debug|Any CPU.Build.0 = Debug|Any CPU
		{C35A2F64-5940-45C9-9E7D-5110AFAB8440}.Release|Any CPU.ActiveCfg = Release|Any CPU
		{C35A2F64-5940-45C9-9E7D-5110AFAB8440}.Release|Any CPU.Build.0 = Release|Any CPU
		{FECD6223-2F3B-4261-9946-C24819B1C166}.Debug|Any CPU.ActiveCfg = Debug|Any CPU
		{FECD6223-2F3B-4261-9946-C24819B1C166}.Debug|Any CPU.Build.0 = Debug|Any CPU
		{FECD6223-2F3B-4261-9946-C24819B1C166}.Release|Any CPU.ActiveCfg = Release|Any CPU
		{FECD6223-2F3B-4261-9946-C24819B1C166}.Release|Any CPU.Build.0 = Release|Any CPU
		{9527143B-D8DD-414A-94FC-670887D890F5}.Debug|Any CPU.ActiveCfg = Debug|Any CPU
		{9527143B-D8DD-414A-94FC-670887D890F5}.Debug|Any CPU.Build.0 = Debug|Any CPU
		{9527143B-D8DD-414A-94FC-670887D890F5}.Release|Any CPU.ActiveCfg = Release|Any CPU
		{9527143B-D8DD-414A-94FC-670887D890F5}.Release|Any CPU.Build.0 = Release|Any CPU
		{AF304C14-3F47-4BB2-A1A8-BD013FDBC803}.Debug|Any CPU.ActiveCfg = Debug|Any CPU
		{AF304C14-3F47-4BB2-A1A8-BD013FDBC803}.Debug|Any CPU.Build.0 = Debug|Any CPU
		{AF304C14-3F47-4BB2-A1A8-BD013FDBC803}.Release|Any CPU.ActiveCfg = Release|Any CPU
		{AF304C14-3F47-4BB2-A1A8-BD013FDBC803}.Release|Any CPU.Build.0 = Release|Any CPU
		{93626414-1AE4-46DF-BF48-D2BADD63466F}.Debug|Any CPU.ActiveCfg = Debug|Any CPU
		{93626414-1AE4-46DF-BF48-D2BADD63466F}.Debug|Any CPU.Build.0 = Debug|Any CPU
		{93626414-1AE4-46DF-BF48-D2BADD63466F}.Release|Any CPU.ActiveCfg = Release|Any CPU
		{93626414-1AE4-46DF-BF48-D2BADD63466F}.Release|Any CPU.Build.0 = Release|Any CPU
		{3EE4BFF3-E35A-4E58-80DD-C1DA7EDD1C6C}.Debug|Any CPU.ActiveCfg = Debug|Any CPU
		{3EE4BFF3-E35A-4E58-80DD-C1DA7EDD1C6C}.Debug|Any CPU.Build.0 = Debug|Any CPU
		{3EE4BFF3-E35A-4E58-80DD-C1DA7EDD1C6C}.Release|Any CPU.ActiveCfg = Release|Any CPU
		{3EE4BFF3-E35A-4E58-80DD-C1DA7EDD1C6C}.Release|Any CPU.Build.0 = Release|Any CPU
	EndGlobalSection
	GlobalSection(SolutionProperties) = preSolution
		HideSolutionNode = FALSE
	EndGlobalSection
	GlobalSection(ExtensibilityGlobals) = postSolution
		SolutionGuid = {B7358952-254B-4773-AB19-4A81F094E957}
	EndGlobalSection
EndGlobal
